
Microsoft Visual Studio Solution File, Format Version 12.00
# Visual Studio 15
VisualStudioVersion = 15.0.27004.2009
MinimumVisualStudioVersion = 10.0.40219.1
Project("{FAE04EC0-301F-11D3-BF4B-00C04F79EFBC}") = "Design_Patterns_Implementation", "Design_Patterns_Implementation\Design_Patterns_Implementation.csproj", "{0A2554D6-5F38-4F1D-80D2-7BD3F142F2D3}"
EndProject
Global
	GlobalSection(SolutionConfigurationPlatforms) = preSolution
		Debug|Any CPU = Debug|Any CPU
		Release|Any CPU = Release|Any CPU
	EndGlobalSection
	GlobalSection(ProjectConfigurationPlatforms) = postSolution
		{0A2554D6-5F38-4F1D-80D2-7BD3F142F2D3}.Debug|Any CPU.ActiveCfg = Debug|Any CPU
		{0A2554D6-5F38-4F1D-80D2-7BD3F142F2D3}.Debug|Any CPU.Build.0 = Debug|Any CPU
		{0A2554D6-5F38-4F1D-80D2-7BD3F142F2D3}.Release|Any CPU.ActiveCfg = Release|Any CPU
		{0A2554D6-5F38-4F1D-80D2-7BD3F142F2D3}.Release|Any CPU.Build.0 = Release|Any CPU
	EndGlobalSection
	GlobalSection(SolutionProperties) = preSolution
		HideSolutionNode = FALSE
	EndGlobalSection
	GlobalSection(ExtensibilityGlobals) = postSolution
		SolutionGuid = {E2A26B9D-78F5-430E-9645-892E9540BA2B}
	EndGlobalSection
EndGlobal
